
Microsoft Visual Studio Solution File, Format Version 12.00
# Visual Studio Version 17
VisualStudioVersion = 17.5.002.0
MinimumVisualStudioVersion = 10.0.40219.1
Project("{2150E333-8FDC-42A3-9474-1A3956D46DE8}") = "prepare", "prepare", "{3534EE43-F7E6-4D0C-8757-51FEE4E7C9DB}"
EndProject
Project("{9A19103F-16F7-4668-BE54-9A1E7A4F7556}") = "Learning02", "prepare\Learning02\Learning02.csproj", "{74F8C3FE-9769-4446-BB15-14851F748EA7}"
EndProject
Project("{9A19103F-16F7-4668-BE54-9A1E7A4F7556}") = "Learning05", "prepare\Learning05\Learning05.csproj", "{4AC99A8B-EA34-4B79-A4F1-99E3534F001F}"
EndProject
Project("{9A19103F-16F7-4668-BE54-9A1E7A4F7556}") = "Learning04", "prepare\Learning04\Learning04.csproj", "{20D15DB1-A9AE-4DD2-954B-58E2F9E43012}"
EndProject
Project("{9A19103F-16F7-4668-BE54-9A1E7A4F7556}") = "Learning03", "prepare\Learning03\Learning03.csproj", "{2E8EA84A-94B4-4D56-922E-99A65A03AE86}"
EndProject
Project("{2150E333-8FDC-42A3-9474-1A3956D46DE8}") = "prove", "prove", "{5DAF0BA0-6DBC-463E-BC93-3C6882EB4AA8}"
EndProject
Project("{9A19103F-16F7-4668-BE54-9A1E7A4F7556}") = "Develop03", "prove\Develop03\Develop03.csproj", "{07427B40-8E91-4E57-8A77-9088CE517762}"
EndProject
Project("{9A19103F-16F7-4668-BE54-9A1E7A4F7556}") = "Develop04", "prove\Develop04\Develop04.csproj", "{7B93A81F-B49E-4D2D-976A-C8D88A1070D9}"
EndProject
Project("{9A19103F-16F7-4668-BE54-9A1E7A4F7556}") = "Develop05", "prove\Develop05\Develop05.csproj", "{C135AD59-5611-4F5D-B28D-9CA7B3AC31E6}"
EndProject
Project("{9A19103F-16F7-4668-BE54-9A1E7A4F7556}") = "Develop02", "prove\Develop02\Develop02.csproj", "{E1FABC8E-93BF-484E-A229-AFEE281FF7E2}"
EndProject
Project("{2150E333-8FDC-42A3-9474-1A3956D46DE8}") = "sandbox", "sandbox", "{1A73EA3F-7B8E-4084-96A7-0F2295E5F501}"
EndProject
Project("{9A19103F-16F7-4668-BE54-9A1E7A4F7556}") = "Sandbox", "sandbox\Sandbox\Sandbox.csproj", "{A1181251-53AB-4BA3-A3A8-C33915907A8F}"
EndProject
Project("{2150E333-8FDC-42A3-9474-1A3956D46DE8}") = "final", "final", "{761BFCB6-DC65-4095-A59D-9D6CAE1AF41B}"
EndProject
Project("{9A19103F-16F7-4668-BE54-9A1E7A4F7556}") = "FinalProject", "final\FinalProject\FinalProject.csproj", "{E5EAC447-118A-4945-9C7E-BEF729148224}"
EndProject
Project("{9A19103F-16F7-4668-BE54-9A1E7A4F7556}") = "Foundation1", "final\Foundation1\Foundation1.csproj", "{6DDEE8DB-97F1-40E2-A7EC-CAB925C5DBD4}"
EndProject
Project("{9A19103F-16F7-4668-BE54-9A1E7A4F7556}") = "Foundation4", "final\Foundation4\Foundation4.csproj", "{17383122-C12C-4CA2-BE30-BB2971C19A42}"
EndProject
Project("{9A19103F-16F7-4668-BE54-9A1E7A4F7556}") = "Foundation3", "final\Foundation3\Foundation3.csproj", "{94D470C3-8EB9-4897-9694-C6DC70A694F1}"
EndProject
Project("{9A19103F-16F7-4668-BE54-9A1E7A4F7556}") = "Foundation2", "final\Foundation2\Foundation2.csproj", "{2D00C9B5-5DC2-4E98-9D67-BC8F056AFDA6}"
EndProject
Project("{2150E333-8FDC-42A3-9474-1A3956D46DE8}") = "csharp-prep", "csharp-prep", "{BECD9ECF-3622-4D7C-8E2C-E13ABFEFFE1A}"
EndProject
Project("{9A19103F-16F7-4668-BE54-9A1E7A4F7556}") = "Prep1", "csharp-prep\Prep1\Prep1.csproj", "{CC4CB217-8F61-40F4-A318-EF68AEDB164A}"
EndProject
Project("{9A19103F-16F7-4668-BE54-9A1E7A4F7556}") = "Prep5", "csharp-prep\Prep5\Prep5.csproj", "{74C86C77-2EB5-437D-8230-89EB8364485D}"
EndProject
Project("{9A19103F-16F7-4668-BE54-9A1E7A4F7556}") = "Prep2", "csharp-prep\Prep2\Prep2.csproj", "{2A93FD8A-BF34-4441-B4C2-1695070B81AE}"
EndProject
Project("{9A19103F-16F7-4668-BE54-9A1E7A4F7556}") = "Prep3", "csharp-prep\Prep3\Prep3.csproj", "{7CBCAFE8-CBDA-44AF-9D51-AB877F73CA64}"
EndProject
Project("{9A19103F-16F7-4668-BE54-9A1E7A4F7556}") = "Prep4", "csharp-prep\Prep4\Prep4.csproj", "{BE0CD3F2-5229-4788-9454-A9BD31E31BDB}"
EndProject
Global
	GlobalSection(SolutionConfigurationPlatforms) = preSolution
		Debug|Any CPU = Debug|Any CPU
		Release|Any CPU = Release|Any CPU
	EndGlobalSection
	GlobalSection(ProjectConfigurationPlatforms) = postSolution
		{74F8C3FE-9769-4446-BB15-14851F748EA7}.Debug|Any CPU.ActiveCfg = Debug|Any CPU
		{74F8C3FE-9769-4446-BB15-14851F748EA7}.Debug|Any CPU.Build.0 = Debug|Any CPU
		{74F8C3FE-9769-4446-BB15-14851F748EA7}.Release|Any CPU.ActiveCfg = Release|Any CPU
		{74F8C3FE-9769-4446-BB15-14851F748EA7}.Release|Any CPU.Build.0 = Release|Any CPU
		{4AC99A8B-EA34-4B79-A4F1-99E3534F001F}.Debug|Any CPU.ActiveCfg = Debug|Any CPU
		{4AC99A8B-EA34-4B79-A4F1-99E3534F001F}.Debug|Any CPU.Build.0 = Debug|Any CPU
		{4AC99A8B-EA34-4B79-A4F1-99E3534F001F}.Release|Any CPU.ActiveCfg = Release|Any CPU
		{4AC99A8B-EA34-4B79-A4F1-99E3534F001F}.Release|Any CPU.Build.0 = Release|Any CPU
		{20D15DB1-A9AE-4DD2-954B-58E2F9E43012}.Debug|Any CPU.ActiveCfg = Debug|Any CPU
		{20D15DB1-A9AE-4DD2-954B-58E2F9E43012}.Debug|Any CPU.Build.0 = Debug|Any CPU
		{20D15DB1-A9AE-4DD2-954B-58E2F9E43012}.Release|Any CPU.ActiveCfg = Release|Any CPU
		{20D15DB1-A9AE-4DD2-954B-58E2F9E43012}.Release|Any CPU.Build.0 = Release|Any CPU
		{2E8EA84A-94B4-4D56-922E-99A65A03AE86}.Debug|Any CPU.ActiveCfg = Debug|Any CPU
		{2E8EA84A-94B4-4D56-922E-99A65A03AE86}.Debug|Any CPU.Build.0 = Debug|Any CPU
		{2E8EA84A-94B4-4D56-922E-99A65A03AE86}.Release|Any CPU.ActiveCfg = Release|Any CPU
		{2E8EA84A-94B4-4D56-922E-99A65A03AE86}.Release|Any CPU.Build.0 = Release|Any CPU
		{07427B40-8E91-4E57-8A77-9088CE517762}.Debug|Any CPU.ActiveCfg = Debug|Any CPU
		{07427B40-8E91-4E57-8A77-9088CE517762}.Debug|Any CPU.Build.0 = Debug|Any CPU
		{07427B40-8E91-4E57-8A77-9088CE517762}.Release|Any CPU.ActiveCfg = Release|Any CPU
		{07427B40-8E91-4E57-8A77-9088CE517762}.Release|Any CPU.Build.0 = Release|Any CPU
		{7B93A81F-B49E-4D2D-976A-C8D88A1070D9}.Debug|Any CPU.ActiveCfg = Debug|Any CPU
		{7B93A81F-B49E-4D2D-976A-C8D88A1070D9}.Debug|Any CPU.Build.0 = Debug|Any CPU
		{7B93A81F-B49E-4D2D-976A-C8D88A1070D9}.Release|Any CPU.ActiveCfg = Release|Any CPU
		{7B93A81F-B49E-4D2D-976A-C8D88A1070D9}.Release|Any CPU.Build.0 = Release|Any CPU
		{C135AD59-5611-4F5D-B28D-9CA7B3AC31E6}.Debug|Any CPU.ActiveCfg = Debug|Any CPU
		{C135AD59-5611-4F5D-B28D-9CA7B3AC31E6}.Debug|Any CPU.Build.0 = Debug|Any CPU
		{C135AD59-5611-4F5D-B28D-9CA7B3AC31E6}.Release|Any CPU.ActiveCfg = Release|Any CPU
		{C135AD59-5611-4F5D-B28D-9CA7B3AC31E6}.Release|Any CPU.Build.0 = Release|Any CPU
		{E1FABC8E-93BF-484E-A229-AFEE281FF7E2}.Debug|Any CPU.ActiveCfg = Debug|Any CPU
		{E1FABC8E-93BF-484E-A229-AFEE281FF7E2}.Debug|Any CPU.Build.0 = Debug|Any CPU
		{E1FABC8E-93BF-484E-A229-AFEE281FF7E2}.Release|Any CPU.ActiveCfg = Release|Any CPU
		{E1FABC8E-93BF-484E-A229-AFEE281FF7E2}.Release|Any CPU.Build.0 = Release|Any CPU
		{A1181251-53AB-4BA3-A3A8-C33915907A8F}.Debug|Any CPU.ActiveCfg = Debug|Any CPU
		{A1181251-53AB-4BA3-A3A8-C33915907A8F}.Debug|Any CPU.Build.0 = Debug|Any CPU
		{A1181251-53AB-4BA3-A3A8-C33915907A8F}.Release|Any CPU.ActiveCfg = Release|Any CPU
		{A1181251-53AB-4BA3-A3A8-C33915907A8F}.Release|Any CPU.Build.0 = Release|Any CPU
		{E5EAC447-118A-4945-9C7E-BEF729148224}.Debug|Any CPU.ActiveCfg = Debug|Any CPU
		{E5EAC447-118A-4945-9C7E-BEF729148224}.Debug|Any CPU.Build.0 = Debug|Any CPU
		{E5EAC447-118A-4945-9C7E-BEF729148224}.Release|Any CPU.ActiveCfg = Release|Any CPU
		{E5EAC447-118A-4945-9C7E-BEF729148224}.Release|Any CPU.Build.0 = Release|Any CPU
		{6DDEE8DB-97F1-40E2-A7EC-CAB925C5DBD4}.Debug|Any CPU.ActiveCfg = Debug|Any CPU
		{6DDEE8DB-97F1-40E2-A7EC-CAB925C5DBD4}.Debug|Any CPU.Build.0 = Debug|Any CPU
		{6DDEE8DB-97F1-40E2-A7EC-CAB925C5DBD4}.Release|Any CPU.ActiveCfg = Release|Any CPU
		{6DDEE8DB-97F1-40E2-A7EC-CAB925C5DBD4}.Release|Any CPU.Build.0 = Release|Any CPU
		{17383122-C12C-4CA2-BE30-BB2971C19A42}.Debug|Any CPU.ActiveCfg = Debug|Any CPU
		{17383122-C12C-4CA2-BE30-BB2971C19A42}.Debug|Any CPU.Build.0 = Debug|Any CPU
		{17383122-C12C-4CA2-BE30-BB2971C19A42}.Release|Any CPU.ActiveCfg = Release|Any CPU
		{17383122-C12C-4CA2-BE30-BB2971C19A42}.Release|Any CPU.Build.0 = Release|Any CPU
		{94D470C3-8EB9-4897-9694-C6DC70A694F1}.Debug|Any CPU.ActiveCfg = Debug|Any CPU
		{94D470C3-8EB9-4897-9694-C6DC70A694F1}.Debug|Any CPU.Build.0 = Debug|Any CPU
		{94D470C3-8EB9-4897-9694-C6DC70A694F1}.Release|Any CPU.ActiveCfg = Release|Any CPU
		{94D470C3-8EB9-4897-9694-C6DC70A694F1}.Release|Any CPU.Build.0 = Release|Any CPU
		{2D00C9B5-5DC2-4E98-9D67-BC8F056AFDA6}.Debug|Any CPU.ActiveCfg = Debug|Any CPU
		{2D00C9B5-5DC2-4E98-9D67-BC8F056AFDA6}.Debug|Any CPU.Build.0 = Debug|Any CPU
		{2D00C9B5-5DC2-4E98-9D67-BC8F056AFDA6}.Release|Any CPU.ActiveCfg = Release|Any CPU
		{2D00C9B5-5DC2-4E98-9D67-BC8F056AFDA6}.Release|Any CPU.Build.0 = Release|Any CPU
		{CC4CB217-8F61-40F4-A318-EF68AEDB164A}.Debug|Any CPU.ActiveCfg = Debug|Any CPU
		{CC4CB217-8F61-40F4-A318-EF68AEDB164A}.Debug|Any CPU.Build.0 = Debug|Any CPU
		{CC4CB217-8F61-40F4-A318-EF68AEDB164A}.Release|Any CPU.ActiveCfg = Release|Any CPU
		{CC4CB217-8F61-40F4-A318-EF68AEDB164A}.Release|Any CPU.Build.0 = Release|Any CPU
		{74C86C77-2EB5-437D-8230-89EB8364485D}.Debug|Any CPU.ActiveCfg = Debug|Any CPU
		{74C86C77-2EB5-437D-8230-89EB8364485D}.Debug|Any CPU.Build.0 = Debug|Any CPU
		{74C86C77-2EB5-437D-8230-89EB8364485D}.Release|Any CPU.ActiveCfg = Release|Any CPU
		{74C86C77-2EB5-437D-8230-89EB8364485D}.Release|Any CPU.Build.0 = Release|Any CPU
		{2A93FD8A-BF34-4441-B4C2-1695070B81AE}.Debug|Any CPU.ActiveCfg = Debug|Any CPU
		{2A93FD8A-BF34-4441-B4C2-1695070B81AE}.Debug|Any CPU.Build.0 = Debug|Any CPU
		{2A93FD8A-BF34-4441-B4C2-1695070B81AE}.Release|Any CPU.ActiveCfg = Release|Any CPU
		{2A93FD8A-BF34-4441-B4C2-1695070B81AE}.Release|Any CPU.Build.0 = Release|Any CPU
		{7CBCAFE8-CBDA-44AF-9D51-AB877F73CA64}.Debug|Any CPU.ActiveCfg = Debug|Any CPU
		{7CBCAFE8-CBDA-44AF-9D51-AB877F73CA64}.Debug|Any CPU.Build.0 = Debug|Any CPU
		{7CBCAFE8-CBDA-44AF-9D51-AB877F73CA64}.Release|Any CPU.ActiveCfg = Release|Any CPU
		{7CBCAFE8-CBDA-44AF-9D51-AB877F73CA64}.Release|Any CPU.Build.0 = Release|Any CPU
		{BE0CD3F2-5229-4788-9454-A9BD31E31BDB}.Debug|Any CPU.ActiveCfg = Debug|Any CPU
		{BE0CD3F2-5229-4788-9454-A9BD31E31BDB}.Debug|Any CPU.Build.0 = Debug|Any CPU
		{BE0CD3F2-5229-4788-9454-A9BD31E31BDB}.Release|Any CPU.ActiveCfg = Release|Any CPU
		{BE0CD3F2-5229-4788-9454-A9BD31E31BDB}.Release|Any CPU.Build.0 = Release|Any CPU
	EndGlobalSection
	GlobalSection(SolutionProperties) = preSolution
		HideSolutionNode = FALSE
	EndGlobalSection
	GlobalSection(NestedProjects) = preSolution
		{74F8C3FE-9769-4446-BB15-14851F748EA7} = {3534EE43-F7E6-4D0C-8757-51FEE4E7C9DB}
		{4AC99A8B-EA34-4B79-A4F1-99E3534F001F} = {3534EE43-F7E6-4D0C-8757-51FEE4E7C9DB}
		{20D15DB1-A9AE-4DD2-954B-58E2F9E43012} = {3534EE43-F7E6-4D0C-8757-51FEE4E7C9DB}
		{2E8EA84A-94B4-4D56-922E-99A65A03AE86} = {3534EE43-F7E6-4D0C-8757-51FEE4E7C9DB}
		{07427B40-8E91-4E57-8A77-9088CE517762} = {5DAF0BA0-6DBC-463E-BC93-3C6882EB4AA8}
		{7B93A81F-B49E-4D2D-976A-C8D88A1070D9} = {5DAF0BA0-6DBC-463E-BC93-3C6882EB4AA8}
		{C135AD59-5611-4F5D-B28D-9CA7B3AC31E6} = {5DAF0BA0-6DBC-463E-BC93-3C6882EB4AA8}
		{E1FABC8E-93BF-484E-A229-AFEE281FF7E2} = {5DAF0BA0-6DBC-463E-BC93-3C6882EB4AA8}
		{A1181251-53AB-4BA3-A3A8-C33915907A8F} = {1A73EA3F-7B8E-4084-96A7-0F2295E5F501}
		{E5EAC447-118A-4945-9C7E-BEF729148224} = {761BFCB6-DC65-4095-A59D-9D6CAE1AF41B}
		{6DDEE8DB-97F1-40E2-A7EC-CAB925C5DBD4} = {761BFCB6-DC65-4095-A59D-9D6CAE1AF41B}
		{17383122-C12C-4CA2-BE30-BB2971C19A42} = {761BFCB6-DC65-4095-A59D-9D6CAE1AF41B}
		{94D470C3-8EB9-4897-9694-C6DC70A694F1} = {761BFCB6-DC65-4095-A59D-9D6CAE1AF41B}
		{2D00C9B5-5DC2-4E98-9D67-BC8F056AFDA6} = {761BFCB6-DC65-4095-A59D-9D6CAE1AF41B}
		{CC4CB217-8F61-40F4-A318-EF68AEDB164A} = {BECD9ECF-3622-4D7C-8E2C-E13ABFEFFE1A}
		{74C86C77-2EB5-437D-8230-89EB8364485D} = {BECD9ECF-3622-4D7C-8E2C-E13ABFEFFE1A}
		{2A93FD8A-BF34-4441-B4C2-1695070B81AE} = {BECD9ECF-3622-4D7C-8E2C-E13ABFEFFE1A}
		{7CBCAFE8-CBDA-44AF-9D51-AB877F73CA64} = {BECD9ECF-3622-4D7C-8E2C-E13ABFEFFE1A}
		{BE0CD3F2-5229-4788-9454-A9BD31E31BDB} = {BECD9ECF-3622-4D7C-8E2C-E13ABFEFFE1A}
	EndGlobalSection
	GlobalSection(ExtensibilityGlobals) = postSolution
		SolutionGuid = {DADCDCBB-551C-4E92-9194-4320F66DAF59}
	EndGlobalSection
EndGlobal
